
Microsoft Visual Studio Solution File, Format Version 12.00
# Visual Studio Version 18
VisualStudioVersion = 18.5.11716.220 stable
MinimumVisualStudioVersion = 10.0.40219.1
Project("{FAE04EC0-301F-11D3-BF4B-00C04F79EFBC}") = "MortalDao", "MortalDao.csproj", "{B6F43A40-0C79-2D9D-0640-CDF2B97BE6F1}"
EndProject
Global
	GlobalSection(SolutionConfigurationPlatforms) = preSolution
		Debug|Any CPU = Debug|Any CPU
		Release|Any CPU = Release|Any CPU
	EndGlobalSection
	GlobalSection(ProjectConfigurationPlatforms) = postSolution
		{B6F43A40-0C79-2D9D-0640-CDF2B97BE6F1}.Debug|Any CPU.ActiveCfg = Debug|Any CPU
		{B6F43A40-0C79-2D9D-0640-CDF2B97BE6F1}.Debug|Any CPU.Build.0 = Debug|Any CPU
		{B6F43A40-0C79-2D9D-0640-CDF2B97BE6F1}.Release|Any CPU.ActiveCfg = Release|Any CPU
		{B6F43A40-0C79-2D9D-0640-CDF2B97BE6F1}.Release|Any CPU.Build.0 = Release|Any CPU
	EndGlobalSection
	GlobalSection(SolutionProperties) = preSolution
		HideSolutionNode = FALSE
	EndGlobalSection
	GlobalSection(ExtensibilityGlobals) = postSolution
		SolutionGuid = {165FFC3E-8099-432D-8AC8-91214FA21D3C}
	EndGlobalSection
EndGlobal
